
Microsoft Visual Studio Solution File, Format Version 12.00
# Visual Studio Version 16
VisualStudioVersion = 16.0.29418.71
MinimumVisualStudioVersion = 10.0.40219.1
Project("{9A19103F-16F7-4668-BE54-9A1E7A4F7556}") = "Harjtyo-jarjestamisalgoritmit", "Harjtyo-jarjestamisalgoritmit.csproj", "{3B2C5EAC-2586-47B8-9A44-3A8FF91119B9}"
EndProject
Global
	GlobalSection(SolutionConfigurationPlatforms) = preSolution
		Debug|Any CPU = Debug|Any CPU
		Release|Any CPU = Release|Any CPU
	EndGlobalSection
	GlobalSection(ProjectConfigurationPlatforms) = postSolution
		{3B2C5EAC-2586-47B8-9A44-3A8FF91119B9}.Debug|Any CPU.ActiveCfg = Debug|Any CPU
		{3B2C5EAC-2586-47B8-9A44-3A8FF91119B9}.Debug|Any CPU.Build.0 = Debug|Any CPU
		{3B2C5EAC-2586-47B8-9A44-3A8FF91119B9}.Release|Any CPU.ActiveCfg = Release|Any CPU
		{3B2C5EAC-2586-47B8-9A44-3A8FF91119B9}.Release|Any CPU.Build.0 = Release|Any CPU
	EndGlobalSection
	GlobalSection(SolutionProperties) = preSolution
		HideSolutionNode = FALSE
	EndGlobalSection
	GlobalSection(ExtensibilityGlobals) = postSolution
		SolutionGuid = {4F05F222-B082-4826-B959-0123026F58BE}
	EndGlobalSection
EndGlobal
